
Microsoft Visual Studio Solution File, Format Version 12.00
# Visual Studio Version 16
VisualStudioVersion = 16.0.29102.190
MinimumVisualStudioVersion = 10.0.40219.1
Project("{FAE04EC0-301F-11D3-BF4B-00C04F79EFBC}") = "spaceGenerator", "spaceGenerator\spaceGenerator.csproj", "{F84A9986-34F6-450D-B171-13B2A527AD85}"
EndProject
Global
	GlobalSection(SolutionConfigurationPlatforms) = preSolution
		Debug|Any CPU = Debug|Any CPU
		Release|Any CPU = Release|Any CPU
	EndGlobalSection
	GlobalSection(ProjectConfigurationPlatforms) = postSolution
		{F84A9986-34F6-450D-B171-13B2A527AD85}.Debug|Any CPU.ActiveCfg = Debug|Any CPU
		{F84A9986-34F6-450D-B171-13B2A527AD85}.Debug|Any CPU.Build.0 = Debug|Any CPU
		{F84A9986-34F6-450D-B171-13B2A527AD85}.Release|Any CPU.ActiveCfg = Release|Any CPU
		{F84A9986-34F6-450D-B171-13B2A527AD85}.Release|Any CPU.Build.0 = Release|Any CPU
	EndGlobalSection
	GlobalSection(SolutionProperties) = preSolution
		HideSolutionNode = FALSE
	EndGlobalSection
	GlobalSection(ExtensibilityGlobals) = postSolution
		SolutionGuid = {9A623CEE-D581-42DC-908E-A2688136FFD6}
	EndGlobalSection
EndGlobal
